github.com/goccy/go-reflect v1.2.0 h1:O0T8rZCuNmGXewnATuKYnkL0xm6o8UNOJZd/gOkb9ms=
github.com/goccy/go-reflect v1.2.0/go.mod h1:n0oYZn8VcV2CkWTxi8B9QjkCoq6GTtCEdfmR66YhFtE=
github.com/petermattis/goid v0.0.0-20250303134427-723919f7f203 h1:E7Kmf11E4K7B5hDti2K2NqPb1nlYlGYsu02S1JNd/Bs=
github.com/petermattis/goid v0.0.0-20250303134427-723919f7f203/go.mod h1:pxMtw7cyUw6B2bRH0ZBANSPg+AoSud1I1iyJHI69jH4=
